
Microsoft Visual Studio Solution File, Format Version 12.00
# Visual Studio Version 17
VisualStudioVersion = 17.2.32616.157
MinimumVisualStudioVersion = 10.0.40219.1
Project("{FAE04EC0-301F-11D3-BF4B-00C04F79EFBC}") = "sdi_back-end-challenge-1", "sdi_back-end-challenge-1\sdi_back-end-challenge-1.csproj", "{AEACC419-1FB3-46E2-84CC-856A676D654D}"
EndProject
Global
	GlobalSection(SolutionConfigurationPlatforms) = preSolution
		Debug|Any CPU = Debug|Any CPU
		Release|Any CPU = Release|Any CPU
	EndGlobalSection
	GlobalSection(ProjectConfigurationPlatforms) = postSolution
		{AEACC419-1FB3-46E2-84CC-856A676D654D}.Debug|Any CPU.ActiveCfg = Debug|Any CPU
		{AEACC419-1FB3-46E2-84CC-856A676D654D}.Debug|Any CPU.Build.0 = Debug|Any CPU
		{AEACC419-1FB3-46E2-84CC-856A676D654D}.Release|Any CPU.ActiveCfg = Release|Any CPU
		{AEACC419-1FB3-46E2-84CC-856A676D654D}.Release|Any CPU.Build.0 = Release|Any CPU
	EndGlobalSection
	GlobalSection(SolutionProperties) = preSolution
		HideSolutionNode = FALSE
	EndGlobalSection
	GlobalSection(ExtensibilityGlobals) = postSolution
		SolutionGuid = {38222C52-D37C-4BB0-BA4F-3116888DB67C}
	EndGlobalSection
EndGlobal
